
Microsoft Visual Studio Solution File, Format Version 12.00
# Visual Studio Version 17
VisualStudioVersion = 17.9.34723.18
MinimumVisualStudioVersion = 10.0.40219.1
Project("{9A19103F-16F7-4668-BE54-9A1E7A4F7556}") = "VideoMetaService", "VideoMetaService\VideoMetaService.csproj", "{54768A19-54CC-457A-BF89-BA5DDFC23DE5}"
EndProject
Project("{E53339B2-1760-4266-BCC7-CA923CBCF16C}") = "docker-compose", "docker-compose.dcproj", "{4777444A-43B1-457C-A7BB-3146F33F008E}"
EndProject
Project("{FAE04EC0-301F-11D3-BF4B-00C04F79EFBC}") = "VideoMetaServiceTest", "..\VideoMetaServiceTest\VideoMetaServiceTest.csproj", "{0C0A9362-F4C0-47DB-9DF8-B8852709F7D0}"
EndProject
Global
	GlobalSection(SolutionConfigurationPlatforms) = preSolution
		Debug|Any CPU = Debug|Any CPU
		Release|Any CPU = Release|Any CPU
	EndGlobalSection
	GlobalSection(ProjectConfigurationPlatforms) = postSolution
		{54768A19-54CC-457A-BF89-BA5DDFC23DE5}.Debug|Any CPU.ActiveCfg = Debug|Any CPU
		{54768A19-54CC-457A-BF89-BA5DDFC23DE5}.Debug|Any CPU.Build.0 = Debug|Any CPU
		{54768A19-54CC-457A-BF89-BA5DDFC23DE5}.Release|Any CPU.ActiveCfg = Release|Any CPU
		{54768A19-54CC-457A-BF89-BA5DDFC23DE5}.Release|Any CPU.Build.0 = Release|Any CPU
		{4777444A-43B1-457C-A7BB-3146F33F008E}.Debug|Any CPU.ActiveCfg = Debug|Any CPU
		{4777444A-43B1-457C-A7BB-3146F33F008E}.Debug|Any CPU.Build.0 = Debug|Any CPU
		{4777444A-43B1-457C-A7BB-3146F33F008E}.Release|Any CPU.ActiveCfg = Release|Any CPU
		{4777444A-43B1-457C-A7BB-3146F33F008E}.Release|Any CPU.Build.0 = Release|Any CPU
		{0C0A9362-F4C0-47DB-9DF8-B8852709F7D0}.Debug|Any CPU.ActiveCfg = Debug|Any CPU
		{0C0A9362-F4C0-47DB-9DF8-B8852709F7D0}.Debug|Any CPU.Build.0 = Debug|Any CPU
		{0C0A9362-F4C0-47DB-9DF8-B8852709F7D0}.Release|Any CPU.ActiveCfg = Release|Any CPU
		{0C0A9362-F4C0-47DB-9DF8-B8852709F7D0}.Release|Any CPU.Build.0 = Release|Any CPU
	EndGlobalSection
	GlobalSection(SolutionProperties) = preSolution
		HideSolutionNode = FALSE
	EndGlobalSection
	GlobalSection(ExtensibilityGlobals) = postSolution
		SolutionGuid = {F4742D53-7D47-4AF1-BD34-AC3440A9D5B4}
	EndGlobalSection
EndGlobal
